
Microsoft Visual Studio Solution File, Format Version 12.00
# Visual Studio Version 17
VisualStudioVersion = 17.0.31903.59
MinimumVisualStudioVersion = 10.0.40219.1
Project("{2150E333-8FDC-42A3-9474-1A3956D46DE8}") = "src", "src", "{3C149207-5A65-4C88-A2A2-33C562993B7D}"
EndProject
Project("{2150E333-8FDC-42A3-9474-1A3956D46DE8}") = "Api", "Api", "{161BF8AD-CEAD-476F-AE4C-65D50FBA5642}"
EndProject
Project("{FAE04EC0-301F-11D3-BF4B-00C04F79EFBC}") = "FinBuddy360.Api", "src\Api\FinBuddy360.Api\FinBuddy360.Api.csproj", "{C8C69052-0559-4C3D-83A0-0A613249D5F5}"
EndProject
Project("{2150E333-8FDC-42A3-9474-1A3956D46DE8}") = "Application", "Application", "{238DFF9A-9B99-42C3-928F-CF20C4C696C3}"
EndProject
Project("{FAE04EC0-301F-11D3-BF4B-00C04F79EFBC}") = "FinBuddy360.Application", "src\Application\FinBuddy360.Application\FinBuddy360.Application.csproj", "{1C7A9480-A247-47FB-B955-6E7A9B051A0A}"
EndProject
Project("{2150E333-8FDC-42A3-9474-1A3956D46DE8}") = "Domain", "Domain", "{74AB030C-7F9C-4BDC-BA06-D49E740923AA}"
EndProject
Project("{FAE04EC0-301F-11D3-BF4B-00C04F79EFBC}") = "FinBuddy360.Domain", "src\Domain\FinBuddy360.Domain\FinBuddy360.Domain.csproj", "{41BF6061-CA01-41C4-8AE8-7D274AD01FAE}"
EndProject
Project("{2150E333-8FDC-42A3-9474-1A3956D46DE8}") = "Infrastructure", "Infrastructure", "{189E7ED0-8745-44BE-8301-3D049C19D4A9}"
EndProject
Project("{FAE04EC0-301F-11D3-BF4B-00C04F79EFBC}") = "FinBuddy360.Infrastructure", "src\Infrastructure\FinBuddy360.Infrastructure\FinBuddy360.Infrastructure.csproj", "{70878365-B3EA-4480-8CC4-C7931BF21858}"
EndProject
Project("{2150E333-8FDC-42A3-9474-1A3956D46DE8}") = "Shared", "Shared", "{94155466-189F-492A-B4FB-5F72761A0B47}"
EndProject
Project("{FAE04EC0-301F-11D3-BF4B-00C04F79EFBC}") = "FinBuddy360.Shared", "src\Shared\FinBuddy360.Shared\FinBuddy360.Shared.csproj", "{B1037DA3-D44F-45EE-9C7E-B8AD760C1E31}"
EndProject
Project("{2150E333-8FDC-42A3-9474-1A3956D46DE8}") = "tests", "tests", "{DE995017-99D1-4588-A55C-0D4651D3A4B1}"
EndProject
Project("{FAE04EC0-301F-11D3-BF4B-00C04F79EFBC}") = "FinBuddy360.Tests.Unit", "tests\FinBuddy360.Tests.Unit\FinBuddy360.Tests.Unit.csproj", "{F1B19B1B-16D5-4188-8C79-D6BBCE83066D}"
EndProject
Project("{FAE04EC0-301F-11D3-BF4B-00C04F79EFBC}") = "FinBuddy360.Tests.Integration", "tests\FinBuddy360.Tests.Integration\FinBuddy360.Tests.Integration.csproj", "{585DC8A4-87A8-4968-A0DF-99F03BE3761F}"
EndProject
Project("{FAE04EC0-301F-11D3-BF4B-00C04F79EFBC}") = "FinBuddy360.Tests.Functional", "tests\FinBuddy360.Tests.Functional\FinBuddy360.Tests.Functional.csproj", "{6021E1EF-536D-4C7E-8382-9BE1891BA3BB}"
EndProject
Project("{2150E333-8FDC-42A3-9474-1A3956D46DE8}") = "docs", "docs", "{91A8A2B0-DBF7-4BEF-B8CB-6829910CD4C4}"
EndProject
Project("{FAE04EC0-301F-11D3-BF4B-00C04F79EFBC}") = "FinBuddy360.Docs", "docs\FinBuddy360.Docs\FinBuddy360.Docs.csproj", "{3E2B5934-661F-4AE4-8A7F-BF75878B13E0}"
EndProject
Project("{2150E333-8FDC-42A3-9474-1A3956D46DE8}") = "scripts", "scripts", "{913C9238-FF75-4784-9E40-8BFB4E7977E8}"
EndProject
Project("{FAE04EC0-301F-11D3-BF4B-00C04F79EFBC}") = "FinBuddy360.Scripts", "scripts\FinBuddy360.Scripts\FinBuddy360.Scripts.csproj", "{19F6CFD1-5EF5-4992-B521-C987D8424DF5}"
EndProject
Global
	GlobalSection(SolutionConfigurationPlatforms) = preSolution
		Debug|Any CPU = Debug|Any CPU
		Release|Any CPU = Release|Any CPU
	EndGlobalSection
	GlobalSection(SolutionProperties) = preSolution
		HideSolutionNode = FALSE
	EndGlobalSection
	GlobalSection(ProjectConfigurationPlatforms) = postSolution
		{C8C69052-0559-4C3D-83A0-0A613249D5F5}.Debug|Any CPU.ActiveCfg = Debug|Any CPU
		{C8C69052-0559-4C3D-83A0-0A613249D5F5}.Debug|Any CPU.Build.0 = Debug|Any CPU
		{C8C69052-0559-4C3D-83A0-0A613249D5F5}.Release|Any CPU.ActiveCfg = Release|Any CPU
		{C8C69052-0559-4C3D-83A0-0A613249D5F5}.Release|Any CPU.Build.0 = Release|Any CPU
		{1C7A9480-A247-47FB-B955-6E7A9B051A0A}.Debug|Any CPU.ActiveCfg = Debug|Any CPU
		{1C7A9480-A247-47FB-B955-6E7A9B051A0A}.Debug|Any CPU.Build.0 = Debug|Any CPU
		{1C7A9480-A247-47FB-B955-6E7A9B051A0A}.Release|Any CPU.ActiveCfg = Release|Any CPU
		{1C7A9480-A247-47FB-B955-6E7A9B051A0A}.Release|Any CPU.Build.0 = Release|Any CPU
		{41BF6061-CA01-41C4-8AE8-7D274AD01FAE}.Debug|Any CPU.ActiveCfg = Debug|Any CPU
		{41BF6061-CA01-41C4-8AE8-7D274AD01FAE}.Debug|Any CPU.Build.0 = Debug|Any CPU
		{41BF6061-CA01-41C4-8AE8-7D274AD01FAE}.Release|Any CPU.ActiveCfg = Release|Any CPU
		{41BF6061-CA01-41C4-8AE8-7D274AD01FAE}.Release|Any CPU.Build.0 = Release|Any CPU
		{70878365-B3EA-4480-8CC4-C7931BF21858}.Debug|Any CPU.ActiveCfg = Debug|Any CPU
		{70878365-B3EA-4480-8CC4-C7931BF21858}.Debug|Any CPU.Build.0 = Debug|Any CPU
		{70878365-B3EA-4480-8CC4-C7931BF21858}.Release|Any CPU.ActiveCfg = Release|Any CPU
		{70878365-B3EA-4480-8CC4-C7931BF21858}.Release|Any CPU.Build.0 = Release|Any CPU
		{B1037DA3-D44F-45EE-9C7E-B8AD760C1E31}.Debug|Any CPU.ActiveCfg = Debug|Any CPU
		{B1037DA3-D44F-45EE-9C7E-B8AD760C1E31}.Debug|Any CPU.Build.0 = Debug|Any CPU
		{B1037DA3-D44F-45EE-9C7E-B8AD760C1E31}.Release|Any CPU.ActiveCfg = Release|Any CPU
		{B1037DA3-D44F-45EE-9C7E-B8AD760C1E31}.Release|Any CPU.Build.0 = Release|Any CPU
		{F1B19B1B-16D5-4188-8C79-D6BBCE83066D}.Debug|Any CPU.ActiveCfg = Debug|Any CPU
		{F1B19B1B-16D5-4188-8C79-D6BBCE83066D}.Debug|Any CPU.Build.0 = Debug|Any CPU
		{F1B19B1B-16D5-4188-8C79-D6BBCE83066D}.Release|Any CPU.ActiveCfg = Release|Any CPU
		{F1B19B1B-16D5-4188-8C79-D6BBCE83066D}.Release|Any CPU.Build.0 = Release|Any CPU
		{585DC8A4-87A8-4968-A0DF-99F03BE3761F}.Debug|Any CPU.ActiveCfg = Debug|Any CPU
		{585DC8A4-87A8-4968-A0DF-99F03BE3761F}.Debug|Any CPU.Build.0 = Debug|Any CPU
		{585DC8A4-87A8-4968-A0DF-99F03BE3761F}.Release|Any CPU.ActiveCfg = Release|Any CPU
		{585DC8A4-87A8-4968-A0DF-99F03BE3761F}.Release|Any CPU.Build.0 = Release|Any CPU
		{6021E1EF-536D-4C7E-8382-9BE1891BA3BB}.Debug|Any CPU.ActiveCfg = Debug|Any CPU
		{6021E1EF-536D-4C7E-8382-9BE1891BA3BB}.Debug|Any CPU.Build.0 = Debug|Any CPU
		{6021E1EF-536D-4C7E-8382-9BE1891BA3BB}.Release|Any CPU.ActiveCfg = Release|Any CPU
		{6021E1EF-536D-4C7E-8382-9BE1891BA3BB}.Release|Any CPU.Build.0 = Release|Any CPU
		{3E2B5934-661F-4AE4-8A7F-BF75878B13E0}.Debug|Any CPU.ActiveCfg = Debug|Any CPU
		{3E2B5934-661F-4AE4-8A7F-BF75878B13E0}.Debug|Any CPU.Build.0 = Debug|Any CPU
		{3E2B5934-661F-4AE4-8A7F-BF75878B13E0}.Release|Any CPU.ActiveCfg = Release|Any CPU
		{3E2B5934-661F-4AE4-8A7F-BF75878B13E0}.Release|Any CPU.Build.0 = Release|Any CPU
		{19F6CFD1-5EF5-4992-B521-C987D8424DF5}.Debug|Any CPU.ActiveCfg = Debug|Any CPU
		{19F6CFD1-5EF5-4992-B521-C987D8424DF5}.Debug|Any CPU.Build.0 = Debug|Any CPU
		{19F6CFD1-5EF5-4992-B521-C987D8424DF5}.Release|Any CPU.ActiveCfg = Release|Any CPU
		{19F6CFD1-5EF5-4992-B521-C987D8424DF5}.Release|Any CPU.Build.0 = Release|Any CPU
	EndGlobalSection
	GlobalSection(NestedProjects) = preSolution
		{161BF8AD-CEAD-476F-AE4C-65D50FBA5642} = {3C149207-5A65-4C88-A2A2-33C562993B7D}
		{C8C69052-0559-4C3D-83A0-0A613249D5F5} = {161BF8AD-CEAD-476F-AE4C-65D50FBA5642}
		{238DFF9A-9B99-42C3-928F-CF20C4C696C3} = {3C149207-5A65-4C88-A2A2-33C562993B7D}
		{1C7A9480-A247-47FB-B955-6E7A9B051A0A} = {238DFF9A-9B99-42C3-928F-CF20C4C696C3}
		{74AB030C-7F9C-4BDC-BA06-D49E740923AA} = {3C149207-5A65-4C88-A2A2-33C562993B7D}
		{41BF6061-CA01-41C4-8AE8-7D274AD01FAE} = {74AB030C-7F9C-4BDC-BA06-D49E740923AA}
		{189E7ED0-8745-44BE-8301-3D049C19D4A9} = {3C149207-5A65-4C88-A2A2-33C562993B7D}
		{70878365-B3EA-4480-8CC4-C7931BF21858} = {189E7ED0-8745-44BE-8301-3D049C19D4A9}
		{94155466-189F-492A-B4FB-5F72761A0B47} = {3C149207-5A65-4C88-A2A2-33C562993B7D}
		{B1037DA3-D44F-45EE-9C7E-B8AD760C1E31} = {94155466-189F-492A-B4FB-5F72761A0B47}
		{F1B19B1B-16D5-4188-8C79-D6BBCE83066D} = {DE995017-99D1-4588-A55C-0D4651D3A4B1}
		{585DC8A4-87A8-4968-A0DF-99F03BE3761F} = {DE995017-99D1-4588-A55C-0D4651D3A4B1}
		{6021E1EF-536D-4C7E-8382-9BE1891BA3BB} = {DE995017-99D1-4588-A55C-0D4651D3A4B1}
		{3E2B5934-661F-4AE4-8A7F-BF75878B13E0} = {91A8A2B0-DBF7-4BEF-B8CB-6829910CD4C4}
		{19F6CFD1-5EF5-4992-B521-C987D8424DF5} = {913C9238-FF75-4784-9E40-8BFB4E7977E8}
	EndGlobalSection
EndGlobal
